
Microsoft Visual Studio Solution File, Format Version 12.00
# Visual Studio Version 16
VisualStudioVersion = 16.0.31911.196
MinimumVisualStudioVersion = 10.0.40219.1
Project("{8BC9CEB8-8B4A-11D0-8D11-00A0C91BC942}") = "Boj_10828", "Boj_10828\Boj_10828.vcxproj", "{499EEAB8-996A-42A9-B122-54F533BF9452}"
EndProject
Project("{8BC9CEB8-8B4A-11D0-8D11-00A0C91BC942}") = "Boj_9093", "Boj_9093\Boj_9093.vcxproj", "{7192F4A1-2F4B-4BB7-ACB5-D5610CD6C956}"
EndProject
Project("{8BC9CEB8-8B4A-11D0-8D11-00A0C91BC942}") = "Boj_1406", "Boj_1406\Boj_1406.vcxproj", "{454AA248-802D-4A2D-8F98-07C7E81C1A2C}"
EndProject
Project("{8BC9CEB8-8B4A-11D0-8D11-00A0C91BC942}") = "Boj_1158", "Boj_1158\Boj_1158.vcxproj", "{2DB5D130-CA63-4E13-9C73-D7066B33201D}"
EndProject
Project("{8BC9CEB8-8B4A-11D0-8D11-00A0C91BC942}") = "Boj_10866", "Boj_10866\Boj_10866.vcxproj", "{D0FC96A7-C584-45EC-92C5-1AC3EE96DFDE}"
EndProject
Project("{8BC9CEB8-8B4A-11D0-8D11-00A0C91BC942}") = "Boj_17413", "Boj_17413\Boj_17413.vcxproj", "{257BD636-1BDA-46B3-B91C-AF27D5A9A097}"
EndProject
Project("{8BC9CEB8-8B4A-11D0-8D11-00A0C91BC942}") = "Boj_10799", "Boj_10799\Boj_10799.vcxproj", "{3CD6B34B-B653-450A-BD32-62723BCF5971}"
EndProject
Project("{8BC9CEB8-8B4A-11D0-8D11-00A0C91BC942}") = "Boj_2164", "Boj_2164\Boj_2164.vcxproj", "{B8FF3708-13F9-47A3-98D4-59B892B9848B}"
EndProject
Project("{8BC9CEB8-8B4A-11D0-8D11-00A0C91BC942}") = "Boj_17298", "Boj_17298\Boj_17298.vcxproj", "{A4A51667-65D9-4483-9B89-C4E92E607B87}"
EndProject
Project("{8BC9CEB8-8B4A-11D0-8D11-00A0C91BC942}") = "Boj_1935", "Boj_1935\Boj_1935.vcxproj", "{C53D773A-88F0-4FAC-BF6D-E8335694AA45}"
EndProject
Project("{8BC9CEB8-8B4A-11D0-8D11-00A0C91BC942}") = "Boj_1918", "Boj_1918\Boj_1918.vcxproj", "{B43FBA88-F9F7-44D3-981F-ED493011E57F}"
EndProject
Project("{8BC9CEB8-8B4A-11D0-8D11-00A0C91BC942}") = "Boj_10808", "Boj_10808\Boj_10808.vcxproj", "{2D8876B3-2C2F-4E9D-BED9-E96F7221F66F}"
EndProject
Project("{8BC9CEB8-8B4A-11D0-8D11-00A0C91BC942}") = "Boj_1463", "Boj_1463\Boj_1463.vcxproj", "{33EB7D59-8C71-4127-A632-8CA85966B7A0}"
EndProject
Project("{8BC9CEB8-8B4A-11D0-8D11-00A0C91BC942}") = "Boj_11726", "Boj_11726\Boj_11726.vcxproj", "{D7A25341-E5B0-44D2-BFAD-B9FE940647FD}"
EndProject
Project("{8BC9CEB8-8B4A-11D0-8D11-00A0C91BC942}") = "Boj_9095", "Boj_9095\Boj_9095.vcxproj", "{699651CE-D415-4523-A298-F3BA3782F744}"
EndProject
Project("{8BC9CEB8-8B4A-11D0-8D11-00A0C91BC942}") = "Boj_11727", "Boj_11727\Boj_11727.vcxproj", "{5BB36F17-1CC0-4D1C-B313-1C8722B52827}"
EndProject
Project("{8BC9CEB8-8B4A-11D0-8D11-00A0C91BC942}") = "Boj_11052", "Boj_11052\Boj_11052.vcxproj", "{98452D55-95DC-47D6-877A-B9C10F26F859}"
EndProject
Project("{8BC9CEB8-8B4A-11D0-8D11-00A0C91BC942}") = "Boj_16194", "Boj_16194\Boj_16194.vcxproj", "{63B3D4E2-F4B5-42EC-ADA8-CEEF82D9BA19}"
EndProject
Project("{8BC9CEB8-8B4A-11D0-8D11-00A0C91BC942}") = "Boj_15990", "Boj_15990\Boj_15990.vcxproj", "{5A9AE953-3326-4FA4-97FC-EA5D7842A69E}"
EndProject
Project("{8BC9CEB8-8B4A-11D0-8D11-00A0C91BC942}") = "Boj_2309", "Boj_2309\Boj_2309.vcxproj", "{A9E5C006-519B-443D-876E-FC9008A02128}"
EndProject
Project("{8BC9CEB8-8B4A-11D0-8D11-00A0C91BC942}") = "Boj_3085", "Boj_3085\Boj_3085.vcxproj", "{D2A992D0-B9D9-4DE1-893A-A0E3F82D84A6}"
EndProject
Project("{8BC9CEB8-8B4A-11D0-8D11-00A0C91BC942}") = "Boj_1182", "Boj_1182\Boj_1182.vcxproj", "{A32E0388-518A-48CD-89E2-A4E7000AEF43}"
EndProject
Project("{8BC9CEB8-8B4A-11D0-8D11-00A0C91BC942}") = "Boj_14889", "Boj_14889\Boj_14889.vcxproj", "{EE93C2AD-E15A-49DA-9655-09217174207E}"
EndProject
Project("{8BC9CEB8-8B4A-11D0-8D11-00A0C91BC942}") = "Boj_1206", "Bpj_1206\Bpj_1206.vcxproj", "{A592E6E9-E246-4EEF-B308-2AFB10A6A392}"
EndProject
Project("{8BC9CEB8-8B4A-11D0-8D11-00A0C91BC942}") = "Boj_2751", "Boj_2751\Boj_2751.vcxproj", "{B4387A39-DC68-48F1-BD54-F9AD33A9E573}"
EndProject
Project("{8BC9CEB8-8B4A-11D0-8D11-00A0C91BC942}") = "Algorithm_Study", "Algorithm_Study\Algorithm_Study.vcxproj", "{9CA5FE75-CEAF-4581-940C-AD72CD01D2A6}"
EndProject
Global
	GlobalSection(SolutionConfigurationPlatforms) = preSolution
		Debug|x64 = Debug|x64
		Debug|x86 = Debug|x86
		Release|x64 = Release|x64
		Release|x86 = Release|x86
	EndGlobalSection
	GlobalSection(ProjectConfigurationPlatforms) = postSolution
		{499EEAB8-996A-42A9-B122-54F533BF9452}.Debug|x64.ActiveCfg = Debug|x64
		{499EEAB8-996A-42A9-B122-54F533BF9452}.Debug|x64.Build.0 = Debug|x64
		{499EEAB8-996A-42A9-B122-54F533BF9452}.Debug|x86.ActiveCfg = Debug|Win32
		{499EEAB8-996A-42A9-B122-54F533BF9452}.Debug|x86.Build.0 = Debug|Win32
		{499EEAB8-996A-42A9-B122-54F533BF9452}.Release|x64.ActiveCfg = Release|x64
		{499EEAB8-996A-42A9-B122-54F533BF9452}.Release|x64.Build.0 = Release|x64
		{499EEAB8-996A-42A9-B122-54F533BF9452}.Release|x86.ActiveCfg = Release|Win32
		{499EEAB8-996A-42A9-B122-54F533BF9452}.Release|x86.Build.0 = Release|Win32
		{7192F4A1-2F4B-4BB7-ACB5-D5610CD6C956}.Debug|x64.ActiveCfg = Debug|x64
		{7192F4A1-2F4B-4BB7-ACB5-D5610CD6C956}.Debug|x64.Build.0 = Debug|x64
		{7192F4A1-2F4B-4BB7-ACB5-D5610CD6C956}.Debug|x86.ActiveCfg = Debug|Win32
		{7192F4A1-2F4B-4BB7-ACB5-D5610CD6C956}.Debug|x86.Build.0 = Debug|Win32
		{7192F4A1-2F4B-4BB7-ACB5-D5610CD6C956}.Release|x64.ActiveCfg = Release|x64
		{7192F4A1-2F4B-4BB7-ACB5-D5610CD6C956}.Release|x64.Build.0 = Release|x64
		{7192F4A1-2F4B-4BB7-ACB5-D5610CD6C956}.Release|x86.ActiveCfg = Release|Win32
		{7192F4A1-2F4B-4BB7-ACB5-D5610CD6C956}.Release|x86.Build.0 = Release|Win32
		{454AA248-802D-4A2D-8F98-07C7E81C1A2C}.Debug|x64.ActiveCfg = Debug|x64
		{454AA248-802D-4A2D-8F98-07C7E81C1A2C}.Debug|x64.Build.0 = Debug|x64
		{454AA248-802D-4A2D-8F98-07C7E81C1A2C}.Debug|x86.ActiveCfg = Debug|Win32
		{454AA248-802D-4A2D-8F98-07C7E81C1A2C}.Debug|x86.Build.0 = Debug|Win32
		{454AA248-802D-4A2D-8F98-07C7E81C1A2C}.Release|x64.ActiveCfg = Release|x64
		{454AA248-802D-4A2D-8F98-07C7E81C1A2C}.Release|x64.Build.0 = Release|x64
		{454AA248-802D-4A2D-8F98-07C7E81C1A2C}.Release|x86.ActiveCfg = Release|Win32
		{454AA248-802D-4A2D-8F98-07C7E81C1A2C}.Release|x86.Build.0 = Release|Win32
		{2DB5D130-CA63-4E13-9C73-D7066B33201D}.Debug|x64.ActiveCfg = Debug|x64
		{2DB5D130-CA63-4E13-9C73-D7066B33201D}.Debug|x64.Build.0 = Debug|x64
		{2DB5D130-CA63-4E13-9C73-D7066B33201D}.Debug|x86.ActiveCfg = Debug|Win32
		{2DB5D130-CA63-4E13-9C73-D7066B33201D}.Debug|x86.Build.0 = Debug|Win32
		{2DB5D130-CA63-4E13-9C73-D7066B33201D}.Release|x64.ActiveCfg = Release|x64
		{2DB5D130-CA63-4E13-9C73-D7066B33201D}.Release|x64.Build.0 = Release|x64
		{2DB5D130-CA63-4E13-9C73-D7066B33201D}.Release|x86.ActiveCfg = Release|Win32
		{2DB5D130-CA63-4E13-9C73-D7066B33201D}.Release|x86.Build.0 = Release|Win32
		{D0FC96A7-C584-45EC-92C5-1AC3EE96DFDE}.Debug|x64.ActiveCfg = Debug|x64
		{D0FC96A7-C584-45EC-92C5-1AC3EE96DFDE}.Debug|x64.Build.0 = Debug|x64
		{D0FC96A7-C584-45EC-92C5-1AC3EE96DFDE}.Debug|x86.ActiveCfg = Debug|Win32
		{D0FC96A7-C584-45EC-92C5-1AC3EE96DFDE}.Debug|x86.Build.0 = Debug|Win32
		{D0FC96A7-C584-45EC-92C5-1AC3EE96DFDE}.Release|x64.ActiveCfg = Release|x64
		{D0FC96A7-C584-45EC-92C5-1AC3EE96DFDE}.Release|x64.Build.0 = Release|x64
		{D0FC96A7-C584-45EC-92C5-1AC3EE96DFDE}.Release|x86.ActiveCfg = Release|Win32
		{D0FC96A7-C584-45EC-92C5-1AC3EE96DFDE}.Release|x86.Build.0 = Release|Win32
		{257BD636-1BDA-46B3-B91C-AF27D5A9A097}.Debug|x64.ActiveCfg = Debug|x64
		{257BD636-1BDA-46B3-B91C-AF27D5A9A097}.Debug|x64.Build.0 = Debug|x64
		{257BD636-1BDA-46B3-B91C-AF27D5A9A097}.Debug|x86.ActiveCfg = Debug|Win32
		{257BD636-1BDA-46B3-B91C-AF27D5A9A097}.Debug|x86.Build.0 = Debug|Win32
		{257BD636-1BDA-46B3-B91C-AF27D5A9A097}.Release|x64.ActiveCfg = Release|x64
		{257BD636-1BDA-46B3-B91C-AF27D5A9A097}.Release|x64.Build.0 = Release|x64
		{257BD636-1BDA-46B3-B91C-AF27D5A9A097}.Release|x86.ActiveCfg = Release|Win32
		{257BD636-1BDA-46B3-B91C-AF27D5A9A097}.Release|x86.Build.0 = Release|Win32
		{3CD6B34B-B653-450A-BD32-62723BCF5971}.Debug|x64.ActiveCfg = Debug|x64
		{3CD6B34B-B653-450A-BD32-62723BCF5971}.Debug|x64.Build.0 = Debug|x64
		{3CD6B34B-B653-450A-BD32-62723BCF5971}.Debug|x86.ActiveCfg = Debug|Win32
		{3CD6B34B-B653-450A-BD32-62723BCF5971}.Debug|x86.Build.0 = Debug|Win32
		{3CD6B34B-B653-450A-BD32-62723BCF5971}.Release|x64.ActiveCfg = Release|x64
		{3CD6B34B-B653-450A-BD32-62723BCF5971}.Release|x64.Build.0 = Release|x64
		{3CD6B34B-B653-450A-BD32-62723BCF5971}.Release|x86.ActiveCfg = Release|Win32
		{3CD6B34B-B653-450A-BD32-62723BCF5971}.Release|x86.Build.0 = Release|Win32
		{B8FF3708-13F9-47A3-98D4-59B892B9848B}.Debug|x64.ActiveCfg = Debug|x64
		{B8FF3708-13F9-47A3-98D4-59B892B9848B}.Debug|x64.Build.0 = Debug|x64
		{B8FF3708-13F9-47A3-98D4-59B892B9848B}.Debug|x86.ActiveCfg = Debug|Win32
		{B8FF3708-13F9-47A3-98D4-59B892B9848B}.Debug|x86.Build.0 = Debug|Win32
		{B8FF3708-13F9-47A3-98D4-59B892B9848B}.Release|x64.ActiveCfg = Release|x64
		{B8FF3708-13F9-47A3-98D4-59B892B9848B}.Release|x64.Build.0 = Release|x64
		{B8FF3708-13F9-47A3-98D4-59B892B9848B}.Release|x86.ActiveCfg = Release|Win32
		{B8FF3708-13F9-47A3-98D4-59B892B9848B}.Release|x86.Build.0 = Release|Win32
		{A4A51667-65D9-4483-9B89-C4E92E607B87}.Debug|x64.ActiveCfg = Debug|x64
		{A4A51667-65D9-4483-9B89-C4E92E607B87}.Debug|x64.Build.0 = Debug|x64
		{A4A51667-65D9-4483-9B89-C4E92E607B87}.Debug|x86.ActiveCfg = Debug|Win32
		{A4A51667-65D9-4483-9B89-C4E92E607B87}.Debug|x86.Build.0 = Debug|Win32
		{A4A51667-65D9-4483-9B89-C4E92E607B87}.Release|x64.ActiveCfg = Release|x64
		{A4A51667-65D9-4483-9B89-C4E92E607B87}.Release|x64.Build.0 = Release|x64
		{A4A51667-65D9-4483-9B89-C4E92E607B87}.Release|x86.ActiveCfg = Release|Win32
		{A4A51667-65D9-4483-9B89-C4E92E607B87}.Release|x86.Build.0 = Release|Win32
		{C53D773A-88F0-4FAC-BF6D-E8335694AA45}.Debug|x64.ActiveCfg = Debug|x64
		{C53D773A-88F0-4FAC-BF6D-E8335694AA45}.Debug|x64.Build.0 = Debug|x64
		{C53D773A-88F0-4FAC-BF6D-E8335694AA45}.Debug|x86.ActiveCfg = Debug|Win32
		{C53D773A-88F0-4FAC-BF6D-E8335694AA45}.Debug|x86.Build.0 = Debug|Win32
		{C53D773A-88F0-4FAC-BF6D-E8335694AA45}.Release|x64.ActiveCfg = Release|x64
		{C53D773A-88F0-4FAC-BF6D-E8335694AA45}.Release|x64.Build.0 = Release|x64
		{C53D773A-88F0-4FAC-BF6D-E8335694AA45}.Release|x86.ActiveCfg = Release|Win32
		{C53D773A-88F0-4FAC-BF6D-E8335694AA45}.Release|x86.Build.0 = Release|Win32
		{B43FBA88-F9F7-44D3-981F-ED493011E57F}.Debug|x64.ActiveCfg = Debug|x64
		{B43FBA88-F9F7-44D3-981F-ED493011E57F}.Debug|x64.Build.0 = Debug|x64
		{B43FBA88-F9F7-44D3-981F-ED493011E57F}.Debug|x86.ActiveCfg = Debug|Win32
		{B43FBA88-F9F7-44D3-981F-ED493011E57F}.Debug|x86.Build.0 = Debug|Win32
		{B43FBA88-F9F7-44D3-981F-ED493011E57F}.Release|x64.ActiveCfg = Release|x64
		{B43FBA88-F9F7-44D3-981F-ED493011E57F}.Release|x64.Build.0 = Release|x64
		{B43FBA88-F9F7-44D3-981F-ED493011E57F}.Release|x86.ActiveCfg = Release|Win32
		{B43FBA88-F9F7-44D3-981F-ED493011E57F}.Release|x86.Build.0 = Release|Win32
		{2D8876B3-2C2F-4E9D-BED9-E96F7221F66F}.Debug|x64.ActiveCfg = Debug|x64
		{2D8876B3-2C2F-4E9D-BED9-E96F7221F66F}.Debug|x64.Build.0 = Debug|x64
		{2D8876B3-2C2F-4E9D-BED9-E96F7221F66F}.Debug|x86.ActiveCfg = Debug|Win32
		{2D8876B3-2C2F-4E9D-BED9-E96F7221F66F}.Debug|x86.Build.0 = Debug|Win32
		{2D8876B3-2C2F-4E9D-BED9-E96F7221F66F}.Release|x64.ActiveCfg = Release|x64
		{2D8876B3-2C2F-4E9D-BED9-E96F7221F66F}.Release|x64.Build.0 = Release|x64
		{2D8876B3-2C2F-4E9D-BED9-E96F7221F66F}.Release|x86.ActiveCfg = Release|Win32
		{2D8876B3-2C2F-4E9D-BED9-E96F7221F66F}.Release|x86.Build.0 = Release|Win32
		{33EB7D59-8C71-4127-A632-8CA85966B7A0}.Debug|x64.ActiveCfg = Debug|x64
		{33EB7D59-8C71-4127-A632-8CA85966B7A0}.Debug|x64.Build.0 = Debug|x64
		{33EB7D59-8C71-4127-A632-8CA85966B7A0}.Debug|x86.ActiveCfg = Debug|Win32
		{33EB7D59-8C71-4127-A632-8CA85966B7A0}.Debug|x86.Build.0 = Debug|Win32
		{33EB7D59-8C71-4127-A632-8CA85966B7A0}.Release|x64.ActiveCfg = Release|x64
		{33EB7D59-8C71-4127-A632-8CA85966B7A0}.Release|x64.Build.0 = Release|x64
		{33EB7D59-8C71-4127-A632-8CA85966B7A0}.Release|x86.ActiveCfg = Release|Win32
		{33EB7D59-8C71-4127-A632-8CA85966B7A0}.Release|x86.Build.0 = Release|Win32
		{D7A25341-E5B0-44D2-BFAD-B9FE940647FD}.Debug|x64.ActiveCfg = Debug|x64
		{D7A25341-E5B0-44D2-BFAD-B9FE940647FD}.Debug|x64.Build.0 = Debug|x64
		{D7A25341-E5B0-44D2-BFAD-B9FE940647FD}.Debug|x86.ActiveCfg = Debug|Win32
		{D7A25341-E5B0-44D2-BFAD-B9FE940647FD}.Debug|x86.Build.0 = Debug|Win32
		{D7A25341-E5B0-44D2-BFAD-B9FE940647FD}.Release|x64.ActiveCfg = Release|x64
		{D7A25341-E5B0-44D2-BFAD-B9FE940647FD}.Release|x64.Build.0 = Release|x64
		{D7A25341-E5B0-44D2-BFAD-B9FE940647FD}.Release|x86.ActiveCfg = Release|Win32
		{D7A25341-E5B0-44D2-BFAD-B9FE940647FD}.Release|x86.Build.0 = Release|Win32
		{699651CE-D415-4523-A298-F3BA3782F744}.Debug|x64.ActiveCfg = Debug|x64
		{699651CE-D415-4523-A298-F3BA3782F744}.Debug|x64.Build.0 = Debug|x64
		{699651CE-D415-4523-A298-F3BA3782F744}.Debug|x86.ActiveCfg = Debug|Win32
		{699651CE-D415-4523-A298-F3BA3782F744}.Debug|x86.Build.0 = Debug|Win32
		{699651CE-D415-4523-A298-F3BA3782F744}.Release|x64.ActiveCfg = Release|x64
		{699651CE-D415-4523-A298-F3BA3782F744}.Release|x64.Build.0 = Release|x64
		{699651CE-D415-4523-A298-F3BA3782F744}.Release|x86.ActiveCfg = Release|Win32
		{699651CE-D415-4523-A298-F3BA3782F744}.Release|x86.Build.0 = Release|Win32
		{5BB36F17-1CC0-4D1C-B313-1C8722B52827}.Debug|x64.ActiveCfg = Debug|x64
		{5BB36F17-1CC0-4D1C-B313-1C8722B52827}.Debug|x64.Build.0 = Debug|x64
		{5BB36F17-1CC0-4D1C-B313-1C8722B52827}.Debug|x86.ActiveCfg = Debug|Win32
		{5BB36F17-1CC0-4D1C-B313-1C8722B52827}.Debug|x86.Build.0 = Debug|Win32
		{5BB36F17-1CC0-4D1C-B313-1C8722B52827}.Release|x64.ActiveCfg = Release|x64
		{5BB36F17-1CC0-4D1C-B313-1C8722B52827}.Release|x64.Build.0 = Release|x64
		{5BB36F17-1CC0-4D1C-B313-1C8722B52827}.Release|x86.ActiveCfg = Release|Win32
		{5BB36F17-1CC0-4D1C-B313-1C8722B52827}.Release|x86.Build.0 = Release|Win32
		{98452D55-95DC-47D6-877A-B9C10F26F859}.Debug|x64.ActiveCfg = Debug|x64
		{98452D55-95DC-47D6-877A-B9C10F26F859}.Debug|x64.Build.0 = Debug|x64
		{98452D55-95DC-47D6-877A-B9C10F26F859}.Debug|x86.ActiveCfg = Debug|Win32
		{98452D55-95DC-47D6-877A-B9C10F26F859}.Debug|x86.Build.0 = Debug|Win32
		{98452D55-95DC-47D6-877A-B9C10F26F859}.Release|x64.ActiveCfg = Release|x64
		{98452D55-95DC-47D6-877A-B9C10F26F859}.Release|x64.Build.0 = Release|x64
		{98452D55-95DC-47D6-877A-B9C10F26F859}.Release|x86.ActiveCfg = Release|Win32
		{98452D55-95DC-47D6-877A-B9C10F26F859}.Release|x86.Build.0 = Release|Win32
		{63B3D4E2-F4B5-42EC-ADA8-CEEF82D9BA19}.Debug|x64.ActiveCfg = Debug|x64
		{63B3D4E2-F4B5-42EC-ADA8-CEEF82D9BA19}.Debug|x64.Build.0 = Debug|x64
		{63B3D4E2-F4B5-42EC-ADA8-CEEF82D9BA19}.Debug|x86.ActiveCfg = Debug|Win32
		{63B3D4E2-F4B5-42EC-ADA8-CEEF82D9BA19}.Debug|x86.Build.0 = Debug|Win32
		{63B3D4E2-F4B5-42EC-ADA8-CEEF82D9BA19}.Release|x64.ActiveCfg = Release|x64
		{63B3D4E2-F4B5-42EC-ADA8-CEEF82D9BA19}.Release|x64.Build.0 = Release|x64
		{63B3D4E2-F4B5-42EC-ADA8-CEEF82D9BA19}.Release|x86.ActiveCfg = Release|Win32
		{63B3D4E2-F4B5-42EC-ADA8-CEEF82D9BA19}.Release|x86.Build.0 = Release|Win32
		{5A9AE953-3326-4FA4-97FC-EA5D7842A69E}.Debug|x64.ActiveCfg = Debug|x64
		{5A9AE953-3326-4FA4-97FC-EA5D7842A69E}.Debug|x64.Build.0 = Debug|x64
		{5A9AE953-3326-4FA4-97FC-EA5D7842A69E}.Debug|x86.ActiveCfg = Debug|Win32
		{5A9AE953-3326-4FA4-97FC-EA5D7842A69E}.Debug|x86.Build.0 = Debug|Win32
		{5A9AE953-3326-4FA4-97FC-EA5D7842A69E}.Release|x64.ActiveCfg = Release|x64
		{5A9AE953-3326-4FA4-97FC-EA5D7842A69E}.Release|x64.Build.0 = Release|x64
		{5A9AE953-3326-4FA4-97FC-EA5D7842A69E}.Release|x86.ActiveCfg = Release|Win32
		{5A9AE953-3326-4FA4-97FC-EA5D7842A69E}.Release|x86.Build.0 = Release|Win32
		{A9E5C006-519B-443D-876E-FC9008A02128}.Debug|x64.ActiveCfg = Debug|x64
		{A9E5C006-519B-443D-876E-FC9008A02128}.Debug|x64.Build.0 = Debug|x64
		{A9E5C006-519B-443D-876E-FC9008A02128}.Debug|x86.ActiveCfg = Debug|Win32
		{A9E5C006-519B-443D-876E-FC9008A02128}.Debug|x86.Build.0 = Debug|Win32
		{A9E5C006-519B-443D-876E-FC9008A02128}.Release|x64.ActiveCfg = Release|x64
		{A9E5C006-519B-443D-876E-FC9008A02128}.Release|x64.Build.0 = Release|x64
		{A9E5C006-519B-443D-876E-FC9008A02128}.Release|x86.ActiveCfg = Release|Win32
		{A9E5C006-519B-443D-876E-FC9008A02128}.Release|x86.Build.0 = Release|Win32
		{D2A992D0-B9D9-4DE1-893A-A0E3F82D84A6}.Debug|x64.ActiveCfg = Debug|x64
		{D2A992D0-B9D9-4DE1-893A-A0E3F82D84A6}.Debug|x64.Build.0 = Debug|x64
		{D2A992D0-B9D9-4DE1-893A-A0E3F82D84A6}.Debug|x86.ActiveCfg = Debug|Win32
		{D2A992D0-B9D9-4DE1-893A-A0E3F82D84A6}.Debug|x86.Build.0 = Debug|Win32
		{D2A992D0-B9D9-4DE1-893A-A0E3F82D84A6}.Release|x64.ActiveCfg = Release|x64
		{D2A992D0-B9D9-4DE1-893A-A0E3F82D84A6}.Release|x64.Build.0 = Release|x64
		{D2A992D0-B9D9-4DE1-893A-A0E3F82D84A6}.Release|x86.ActiveCfg = Release|Win32
		{D2A992D0-B9D9-4DE1-893A-A0E3F82D84A6}.Release|x86.Build.0 = Release|Win32
		{A32E0388-518A-48CD-89E2-A4E7000AEF43}.Debug|x64.ActiveCfg = Debug|x64
		{A32E0388-518A-48CD-89E2-A4E7000AEF43}.Debug|x64.Build.0 = Debug|x64
		{A32E0388-518A-48CD-89E2-A4E7000AEF43}.Debug|x86.ActiveCfg = Debug|Win32
		{A32E0388-518A-48CD-89E2-A4E7000AEF43}.Debug|x86.Build.0 = Debug|Win32
		{A32E0388-518A-48CD-89E2-A4E7000AEF43}.Release|x64.ActiveCfg = Release|x64
		{A32E0388-518A-48CD-89E2-A4E7000AEF43}.Release|x64.Build.0 = Release|x64
		{A32E0388-518A-48CD-89E2-A4E7000AEF43}.Release|x86.ActiveCfg = Release|Win32
		{A32E0388-518A-48CD-89E2-A4E7000AEF43}.Release|x86.Build.0 = Release|Win32
		{EE93C2AD-E15A-49DA-9655-09217174207E}.Debug|x64.ActiveCfg = Debug|x64
		{EE93C2AD-E15A-49DA-9655-09217174207E}.Debug|x64.Build.0 = Debug|x64
		{EE93C2AD-E15A-49DA-9655-09217174207E}.Debug|x86.ActiveCfg = Debug|Win32
		{EE93C2AD-E15A-49DA-9655-09217174207E}.Debug|x86.Build.0 = Debug|Win32
		{EE93C2AD-E15A-49DA-9655-09217174207E}.Release|x64.ActiveCfg = Release|x64
		{EE93C2AD-E15A-49DA-9655-09217174207E}.Release|x64.Build.0 = Release|x64
		{EE93C2AD-E15A-49DA-9655-09217174207E}.Release|x86.ActiveCfg = Release|Win32
		{EE93C2AD-E15A-49DA-9655-09217174207E}.Release|x86.Build.0 = Release|Win32
		{A592E6E9-E246-4EEF-B308-2AFB10A6A392}.Debug|x64.ActiveCfg = Debug|x64
		{A592E6E9-E246-4EEF-B308-2AFB10A6A392}.Debug|x64.Build.0 = Debug|x64
		{A592E6E9-E246-4EEF-B308-2AFB10A6A392}.Debug|x86.ActiveCfg = Debug|Win32
		{A592E6E9-E246-4EEF-B308-2AFB10A6A392}.Debug|x86.Build.0 = Debug|Win32
		{A592E6E9-E246-4EEF-B308-2AFB10A6A392}.Release|x64.ActiveCfg = Release|x64
		{A592E6E9-E246-4EEF-B308-2AFB10A6A392}.Release|x64.Build.0 = Release|x64
		{A592E6E9-E246-4EEF-B308-2AFB10A6A392}.Release|x86.ActiveCfg = Release|Win32
		{A592E6E9-E246-4EEF-B308-2AFB10A6A392}.Release|x86.Build.0 = Release|Win32
		{B4387A39-DC68-48F1-BD54-F9AD33A9E573}.Debug|x64.ActiveCfg = Debug|x64
		{B4387A39-DC68-48F1-BD54-F9AD33A9E573}.Debug|x64.Build.0 = Debug|x64
		{B4387A39-DC68-48F1-BD54-F9AD33A9E573}.Debug|x86.ActiveCfg = Debug|Win32
		{B4387A39-DC68-48F1-BD54-F9AD33A9E573}.Debug|x86.Build.0 = Debug|Win32
		{B4387A39-DC68-48F1-BD54-F9AD33A9E573}.Release|x64.ActiveCfg = Release|x64
		{B4387A39-DC68-48F1-BD54-F9AD33A9E573}.Release|x64.Build.0 = Release|x64
		{B4387A39-DC68-48F1-BD54-F9AD33A9E573}.Release|x86.ActiveCfg = Release|Win32
		{B4387A39-DC68-48F1-BD54-F9AD33A9E573}.Release|x86.Build.0 = Release|Win32
		{9CA5FE75-CEAF-4581-940C-AD72CD01D2A6}.Debug|x64.ActiveCfg = Debug|x64
		{9CA5FE75-CEAF-4581-940C-AD72CD01D2A6}.Debug|x64.Build.0 = Debug|x64
		{9CA5FE75-CEAF-4581-940C-AD72CD01D2A6}.Debug|x86.ActiveCfg = Debug|Win32
		{9CA5FE75-CEAF-4581-940C-AD72CD01D2A6}.Debug|x86.Build.0 = Debug|Win32
		{9CA5FE75-CEAF-4581-940C-AD72CD01D2A6}.Release|x64.ActiveCfg = Release|x64
		{9CA5FE75-CEAF-4581-940C-AD72CD01D2A6}.Release|x64.Build.0 = Release|x64
		{9CA5FE75-CEAF-4581-940C-AD72CD01D2A6}.Release|x86.ActiveCfg = Release|Win32
		{9CA5FE75-CEAF-4581-940C-AD72CD01D2A6}.Release|x86.Build.0 = Release|Win32
	EndGlobalSection
	GlobalSection(SolutionProperties) = preSolution
		HideSolutionNode = FALSE
	EndGlobalSection
	GlobalSection(ExtensibilityGlobals) = postSolution
		SolutionGuid = {EB6149AF-1397-48E2-B790-3F853B6902F0}
	EndGlobalSection
EndGlobal
